
Microsoft Visual Studio Solution File, Format Version 12.00
# Visual Studio Version 16
VisualStudioVersion = 16.0.29911.84
MinimumVisualStudioVersion = 10.0.40219.1
Project("{FAE04EC0-301F-11D3-BF4B-00C04F79EFBC}") = "WebApiIntro", "WebApiIntro.csproj", "{0CE27A5C-4C5B-45AA-8587-FE719347059A}"
EndProject
Global
	GlobalSection(SolutionConfigurationPlatforms) = preSolution
		Debug|Any CPU = Debug|Any CPU
		Release|Any CPU = Release|Any CPU
	EndGlobalSection
	GlobalSection(ProjectConfigurationPlatforms) = postSolution
		{0CE27A5C-4C5B-45AA-8587-FE719347059A}.Debug|Any CPU.ActiveCfg = Debug|Any CPU
		{0CE27A5C-4C5B-45AA-8587-FE719347059A}.Debug|Any CPU.Build.0 = Debug|Any CPU
		{0CE27A5C-4C5B-45AA-8587-FE719347059A}.Release|Any CPU.ActiveCfg = Release|Any CPU
		{0CE27A5C-4C5B-45AA-8587-FE719347059A}.Release|Any CPU.Build.0 = Release|Any CPU
	EndGlobalSection
	GlobalSection(SolutionProperties) = preSolution
		HideSolutionNode = FALSE
	EndGlobalSection
	GlobalSection(ExtensibilityGlobals) = postSolution
		SolutionGuid = {31251FC7-4562-4F07-9D2F-8F7A0565F063}
	EndGlobalSection
EndGlobal
